
Microsoft Visual Studio Solution File, Format Version 12.00
# Visual Studio Version 17
VisualStudioVersion = 17.0.32112.339
MinimumVisualStudioVersion = 10.0.40219.1
Project("{FAE04EC0-301F-11D3-BF4B-00C04F79EFBC}") = "ejercicio 1", "ejercicio 1\ejercicio 1.csproj", "{9561C658-ECD9-4C75-BF4D-FADDD8196BA9}"
EndProject
Global
	GlobalSection(SolutionConfigurationPlatforms) = preSolution
		Debug|Any CPU = Debug|Any CPU
		Release|Any CPU = Release|Any CPU
	EndGlobalSection
	GlobalSection(ProjectConfigurationPlatforms) = postSolution
		{9561C658-ECD9-4C75-BF4D-FADDD8196BA9}.Debug|Any CPU.ActiveCfg = Debug|Any CPU
		{9561C658-ECD9-4C75-BF4D-FADDD8196BA9}.Debug|Any CPU.Build.0 = Debug|Any CPU
		{9561C658-ECD9-4C75-BF4D-FADDD8196BA9}.Release|Any CPU.ActiveCfg = Release|Any CPU
		{9561C658-ECD9-4C75-BF4D-FADDD8196BA9}.Release|Any CPU.Build.0 = Release|Any CPU
	EndGlobalSection
	GlobalSection(SolutionProperties) = preSolution
		HideSolutionNode = FALSE
	EndGlobalSection
	GlobalSection(ExtensibilityGlobals) = postSolution
		SolutionGuid = {6FF4763A-7FC9-4EEF-BBFD-3EA63056138C}
	EndGlobalSection
EndGlobal
